
Microsoft Visual Studio Solution File, Format Version 12.00
# Visual Studio Version 16
VisualStudioVersion = 16.0.28803.202
MinimumVisualStudioVersion = 10.0.40219.1
Project("{2150E333-8FDC-42A3-9474-1A3956D46DE8}") = "EpamTask00", "EpamTask00", "{79459437-CECA-40F9-814E-1CE8481A5042}"
EndProject
Project("{FAE04EC0-301F-11D3-BF4B-00C04F79EFBC}") = "EpamTask01Sequence", "EpamTask00\EpamTask01Sequence\EpamTask01Sequence.csproj", "{7E633F0E-C360-417A-91AF-ED0A1892740D}"
EndProject
Project("{FAE04EC0-301F-11D3-BF4B-00C04F79EFBC}") = "EpamTask02Simple", "EpamTask00\EpamTask02Simple\EpamTask02Simple.csproj", "{80EF47F8-2826-483E-B613-36FC62788D52}"
EndProject
Project("{FAE04EC0-301F-11D3-BF4B-00C04F79EFBC}") = "EpamTask03Square", "EpamTask00\EpamTask03Square\EpamTask03Square.csproj", "{E8080DCE-939B-464C-887B-3A445B204EE3}"
EndProject
Project("{FAE04EC0-301F-11D3-BF4B-00C04F79EFBC}") = "EpamTask04Array", "EpamTask00\EpamTask04Array\EpamTask04Array.csproj", "{8977861D-DFAA-49BF-9593-84653688D32F}"
EndProject
Project("{2150E333-8FDC-42A3-9474-1A3956D46DE8}") = "Task01", "Task01", "{74759658-F827-43C5-84C2-A411C52C6D68}"
EndProject
Project("{FAE04EC0-301F-11D3-BF4B-00C04F79EFBC}") = "Task1_1Rectangle", "Task01\Task1.1Rectangle\Task1_1Rectangle.csproj", "{1FC22B93-0D8B-4EB5-8C3B-1BF2825796B1}"
EndProject
Project("{FAE04EC0-301F-11D3-BF4B-00C04F79EFBC}") = "Task1_2Triangle", "Task01\Task1_2Triangle\Task1_2Triangle.csproj", "{220E48DB-30F8-44B7-A10E-B59C386E2B4A}"
EndProject
Project("{FAE04EC0-301F-11D3-BF4B-00C04F79EFBC}") = "Task1_3AnotherTriangle", "Task01\Task1_3AnotherTriangle\Task1_3AnotherTriangle.csproj", "{E389D4DB-77E5-41E2-B814-9B73753AC36B}"
EndProject
Project("{FAE04EC0-301F-11D3-BF4B-00C04F79EFBC}") = "Task1_4X-MasTree", "Task01\Task1_4X-MasTree\Task1_4X-MasTree.csproj", "{E8F8BE33-BDD2-432F-980F-DFB59F1AC0C9}"
EndProject
Project("{FAE04EC0-301F-11D3-BF4B-00C04F79EFBC}") = "Task1_5SumOfNumbers", "Task01\Task1_5SumOfNumbers\Task1_5SumOfNumbers.csproj", "{DCFA6B08-8E51-4872-8394-09254E7AE94E}"
EndProject
Project("{FAE04EC0-301F-11D3-BF4B-00C04F79EFBC}") = "Task1_6FontAdjustment", "Task01\Task1_6FontAdjustment\Task1_6FontAdjustment.csproj", "{31A10578-6C60-471C-BFE8-544AE9A7C235}"
EndProject
Project("{FAE04EC0-301F-11D3-BF4B-00C04F79EFBC}") = "Task1_7ArrayProcessing", "Task01\Task1_7ArrayProcessing\Task1_7ArrayProcessing.csproj", "{D6D6DA4D-7761-4A16-BE73-065A95AE1A19}"
EndProject
Project("{FAE04EC0-301F-11D3-BF4B-00C04F79EFBC}") = "Task1_8NoPositive", "Task01\Task1_8NoPositive\Task1_8NoPositive.csproj", "{A4F94514-43BB-462F-9540-54ECC743B2EF}"
EndProject
Project("{FAE04EC0-301F-11D3-BF4B-00C04F79EFBC}") = "Task1_9Non-NegativeSum", "Task01\Task1_9Non-NegativeSum\Task1_9Non-NegativeSum.csproj", "{33313D88-E3CA-4810-9912-EDA25112015D}"
EndProject
Project("{FAE04EC0-301F-11D3-BF4B-00C04F79EFBC}") = "Task1_10_2DArray", "Task01\Task1_10_2DArray\Task1_10_2DArray.csproj", "{D7721E24-0818-4F43-8034-B959CC396C1A}"
EndProject
Project("{FAE04EC0-301F-11D3-BF4B-00C04F79EFBC}") = "Task1_11AverageStringLength", "Task01\Task1_11AverageStringLength\Task1_11AverageStringLength.csproj", "{95E52692-C337-4225-B024-C0A4FB956601}"
EndProject
Project("{FAE04EC0-301F-11D3-BF4B-00C04F79EFBC}") = "Task1_12CharDoubler", "Task01\Task1_12CharDoubler\Task1_12CharDoubler.csproj", "{4E3BCC2B-EE8F-452E-BF24-AF9210C7ADCE}"
EndProject
Project("{2150E333-8FDC-42A3-9474-1A3956D46DE8}") = "Task02", "Task02", "{BC0CD9FC-3086-4E7A-832C-F6A6C569877D}"
EndProject
Project("{FAE04EC0-301F-11D3-BF4B-00C04F79EFBC}") = "Task2_1Round", "Task02\Task2_1Round\Task2_1Round.csproj", "{556114B7-407D-4BF8-9E29-5EC7D4DE2706}"
EndProject
Project("{FAE04EC0-301F-11D3-BF4B-00C04F79EFBC}") = "Task2_2Triangle", "Task02\Task2_2Triangle\Task2_2Triangle.csproj", "{C7289750-58CD-4300-A505-28EA84C5514D}"
EndProject
Project("{FAE04EC0-301F-11D3-BF4B-00C04F79EFBC}") = "Task2_3User", "Task02\Task2_3User\Task2_3User.csproj", "{9EE29C11-6F5C-4897-A77F-11DFBA3DD560}"
EndProject
Project("{FAE04EC0-301F-11D3-BF4B-00C04F79EFBC}") = "Task2_4MyString", "Task02\Task2_4MyString\Task2_4MyString.csproj", "{5062AD7B-88B7-4E6F-A341-D3978F37F018}"
EndProject
Project("{FAE04EC0-301F-11D3-BF4B-00C04F79EFBC}") = "Task2_5Employee", "Task02\Task2_5Employee\Task2_5Employee.csproj", "{C4F5E702-F12D-4A8F-A538-693B599D7A83}"
EndProject
Project("{FAE04EC0-301F-11D3-BF4B-00C04F79EFBC}") = "Task2_6Ring", "Task02\Task2_6Ring\Task2_6Ring.csproj", "{6FB15C63-075E-49DC-AFB6-25F461CD5A41}"
EndProject
Project("{FAE04EC0-301F-11D3-BF4B-00C04F79EFBC}") = "Task2_7VectorGraphicsEditor", "Task02\Task2_7VectorGraphicsEditor\Task2_7VectorGraphicsEditor.csproj", "{E5F5F703-A3C6-4B4E-B234-2A294129B7D4}"
EndProject
Global
	GlobalSection(SolutionConfigurationPlatforms) = preSolution
		Debug|Any CPU = Debug|Any CPU
		Release|Any CPU = Release|Any CPU
	EndGlobalSection
	GlobalSection(ProjectConfigurationPlatforms) = postSolution
		{7E633F0E-C360-417A-91AF-ED0A1892740D}.Debug|Any CPU.ActiveCfg = Debug|Any CPU
		{7E633F0E-C360-417A-91AF-ED0A1892740D}.Debug|Any CPU.Build.0 = Debug|Any CPU
		{7E633F0E-C360-417A-91AF-ED0A1892740D}.Release|Any CPU.ActiveCfg = Release|Any CPU
		{7E633F0E-C360-417A-91AF-ED0A1892740D}.Release|Any CPU.Build.0 = Release|Any CPU
		{80EF47F8-2826-483E-B613-36FC62788D52}.Debug|Any CPU.ActiveCfg = Debug|Any CPU
		{80EF47F8-2826-483E-B613-36FC62788D52}.Debug|Any CPU.Build.0 = Debug|Any CPU
		{80EF47F8-2826-483E-B613-36FC62788D52}.Release|Any CPU.ActiveCfg = Release|Any CPU
		{80EF47F8-2826-483E-B613-36FC62788D52}.Release|Any CPU.Build.0 = Release|Any CPU
		{E8080DCE-939B-464C-887B-3A445B204EE3}.Debug|Any CPU.ActiveCfg = Debug|Any CPU
		{E8080DCE-939B-464C-887B-3A445B204EE3}.Debug|Any CPU.Build.0 = Debug|Any CPU
		{E8080DCE-939B-464C-887B-3A445B204EE3}.Release|Any CPU.ActiveCfg = Release|Any CPU
		{E8080DCE-939B-464C-887B-3A445B204EE3}.Release|Any CPU.Build.0 = Release|Any CPU
		{8977861D-DFAA-49BF-9593-84653688D32F}.Debug|Any CPU.ActiveCfg = Debug|Any CPU
		{8977861D-DFAA-49BF-9593-84653688D32F}.Debug|Any CPU.Build.0 = Debug|Any CPU
		{8977861D-DFAA-49BF-9593-84653688D32F}.Release|Any CPU.ActiveCfg = Release|Any CPU
		{8977861D-DFAA-49BF-9593-84653688D32F}.Release|Any CPU.Build.0 = Release|Any CPU
		{1FC22B93-0D8B-4EB5-8C3B-1BF2825796B1}.Debug|Any CPU.ActiveCfg = Debug|Any CPU
		{1FC22B93-0D8B-4EB5-8C3B-1BF2825796B1}.Debug|Any CPU.Build.0 = Debug|Any CPU
		{1FC22B93-0D8B-4EB5-8C3B-1BF2825796B1}.Release|Any CPU.ActiveCfg = Release|Any CPU
		{1FC22B93-0D8B-4EB5-8C3B-1BF2825796B1}.Release|Any CPU.Build.0 = Release|Any CPU
		{220E48DB-30F8-44B7-A10E-B59C386E2B4A}.Debug|Any CPU.ActiveCfg = Debug|Any CPU
		{220E48DB-30F8-44B7-A10E-B59C386E2B4A}.Debug|Any CPU.Build.0 = Debug|Any CPU
		{220E48DB-30F8-44B7-A10E-B59C386E2B4A}.Release|Any CPU.ActiveCfg = Release|Any CPU
		{220E48DB-30F8-44B7-A10E-B59C386E2B4A}.Release|Any CPU.Build.0 = Release|Any CPU
		{E389D4DB-77E5-41E2-B814-9B73753AC36B}.Debug|Any CPU.ActiveCfg = Debug|Any CPU
		{E389D4DB-77E5-41E2-B814-9B73753AC36B}.Debug|Any CPU.Build.0 = Debug|Any CPU
		{E389D4DB-77E5-41E2-B814-9B73753AC36B}.Release|Any CPU.ActiveCfg = Release|Any CPU
		{E389D4DB-77E5-41E2-B814-9B73753AC36B}.Release|Any CPU.Build.0 = Release|Any CPU
		{E8F8BE33-BDD2-432F-980F-DFB59F1AC0C9}.Debug|Any CPU.ActiveCfg = Debug|Any CPU
		{E8F8BE33-BDD2-432F-980F-DFB59F1AC0C9}.Debug|Any CPU.Build.0 = Debug|Any CPU
		{E8F8BE33-BDD2-432F-980F-DFB59F1AC0C9}.Release|Any CPU.ActiveCfg = Release|Any CPU
		{E8F8BE33-BDD2-432F-980F-DFB59F1AC0C9}.Release|Any CPU.Build.0 = Release|Any CPU
		{DCFA6B08-8E51-4872-8394-09254E7AE94E}.Debug|Any CPU.ActiveCfg = Debug|Any CPU
		{DCFA6B08-8E51-4872-8394-09254E7AE94E}.Debug|Any CPU.Build.0 = Debug|Any CPU
		{DCFA6B08-8E51-4872-8394-09254E7AE94E}.Release|Any CPU.ActiveCfg = Release|Any CPU
		{DCFA6B08-8E51-4872-8394-09254E7AE94E}.Release|Any CPU.Build.0 = Release|Any CPU
		{31A10578-6C60-471C-BFE8-544AE9A7C235}.Debug|Any CPU.ActiveCfg = Debug|Any CPU
		{31A10578-6C60-471C-BFE8-544AE9A7C235}.Debug|Any CPU.Build.0 = Debug|Any CPU
		{31A10578-6C60-471C-BFE8-544AE9A7C235}.Release|Any CPU.ActiveCfg = Release|Any CPU
		{31A10578-6C60-471C-BFE8-544AE9A7C235}.Release|Any CPU.Build.0 = Release|Any CPU
		{D6D6DA4D-7761-4A16-BE73-065A95AE1A19}.Debug|Any CPU.ActiveCfg = Debug|Any CPU
		{D6D6DA4D-7761-4A16-BE73-065A95AE1A19}.Debug|Any CPU.Build.0 = Debug|Any CPU
		{D6D6DA4D-7761-4A16-BE73-065A95AE1A19}.Release|Any CPU.ActiveCfg = Release|Any CPU
		{D6D6DA4D-7761-4A16-BE73-065A95AE1A19}.Release|Any CPU.Build.0 = Release|Any CPU
		{A4F94514-43BB-462F-9540-54ECC743B2EF}.Debug|Any CPU.ActiveCfg = Debug|Any CPU
		{A4F94514-43BB-462F-9540-54ECC743B2EF}.Debug|Any CPU.Build.0 = Debug|Any CPU
		{A4F94514-43BB-462F-9540-54ECC743B2EF}.Release|Any CPU.ActiveCfg = Release|Any CPU
		{A4F94514-43BB-462F-9540-54ECC743B2EF}.Release|Any CPU.Build.0 = Release|Any CPU
		{33313D88-E3CA-4810-9912-EDA25112015D}.Debug|Any CPU.ActiveCfg = Debug|Any CPU
		{33313D88-E3CA-4810-9912-EDA25112015D}.Debug|Any CPU.Build.0 = Debug|Any CPU
		{33313D88-E3CA-4810-9912-EDA25112015D}.Release|Any CPU.ActiveCfg = Release|Any CPU
		{33313D88-E3CA-4810-9912-EDA25112015D}.Release|Any CPU.Build.0 = Release|Any CPU
		{D7721E24-0818-4F43-8034-B959CC396C1A}.Debug|Any CPU.ActiveCfg = Debug|Any CPU
		{D7721E24-0818-4F43-8034-B959CC396C1A}.Debug|Any CPU.Build.0 = Debug|Any CPU
		{D7721E24-0818-4F43-8034-B959CC396C1A}.Release|Any CPU.ActiveCfg = Release|Any CPU
		{D7721E24-0818-4F43-8034-B959CC396C1A}.Release|Any CPU.Build.0 = Release|Any CPU
		{95E52692-C337-4225-B024-C0A4FB956601}.Debug|Any CPU.ActiveCfg = Debug|Any CPU
		{95E52692-C337-4225-B024-C0A4FB956601}.Debug|Any CPU.Build.0 = Debug|Any CPU
		{95E52692-C337-4225-B024-C0A4FB956601}.Release|Any CPU.ActiveCfg = Release|Any CPU
		{95E52692-C337-4225-B024-C0A4FB956601}.Release|Any CPU.Build.0 = Release|Any CPU
		{4E3BCC2B-EE8F-452E-BF24-AF9210C7ADCE}.Debug|Any CPU.ActiveCfg = Debug|Any CPU
		{4E3BCC2B-EE8F-452E-BF24-AF9210C7ADCE}.Debug|Any CPU.Build.0 = Debug|Any CPU
		{4E3BCC2B-EE8F-452E-BF24-AF9210C7ADCE}.Release|Any CPU.ActiveCfg = Release|Any CPU
		{4E3BCC2B-EE8F-452E-BF24-AF9210C7ADCE}.Release|Any CPU.Build.0 = Release|Any CPU
		{556114B7-407D-4BF8-9E29-5EC7D4DE2706}.Debug|Any CPU.ActiveCfg = Debug|Any CPU
		{556114B7-407D-4BF8-9E29-5EC7D4DE2706}.Debug|Any CPU.Build.0 = Debug|Any CPU
		{556114B7-407D-4BF8-9E29-5EC7D4DE2706}.Release|Any CPU.ActiveCfg = Release|Any CPU
		{556114B7-407D-4BF8-9E29-5EC7D4DE2706}.Release|Any CPU.Build.0 = Release|Any CPU
		{C7289750-58CD-4300-A505-28EA84C5514D}.Debug|Any CPU.ActiveCfg = Debug|Any CPU
		{C7289750-58CD-4300-A505-28EA84C5514D}.Debug|Any CPU.Build.0 = Debug|Any CPU
		{C7289750-58CD-4300-A505-28EA84C5514D}.Release|Any CPU.ActiveCfg = Release|Any CPU
		{C7289750-58CD-4300-A505-28EA84C5514D}.Release|Any CPU.Build.0 = Release|Any CPU
		{9EE29C11-6F5C-4897-A77F-11DFBA3DD560}.Debug|Any CPU.ActiveCfg = Debug|Any CPU
		{9EE29C11-6F5C-4897-A77F-11DFBA3DD560}.Debug|Any CPU.Build.0 = Debug|Any CPU
		{9EE29C11-6F5C-4897-A77F-11DFBA3DD560}.Release|Any CPU.ActiveCfg = Release|Any CPU
		{9EE29C11-6F5C-4897-A77F-11DFBA3DD560}.Release|Any CPU.Build.0 = Release|Any CPU
		{5062AD7B-88B7-4E6F-A341-D3978F37F018}.Debug|Any CPU.ActiveCfg = Debug|Any CPU
		{5062AD7B-88B7-4E6F-A341-D3978F37F018}.Debug|Any CPU.Build.0 = Debug|Any CPU
		{5062AD7B-88B7-4E6F-A341-D3978F37F018}.Release|Any CPU.ActiveCfg = Release|Any CPU
		{5062AD7B-88B7-4E6F-A341-D3978F37F018}.Release|Any CPU.Build.0 = Release|Any CPU
		{C4F5E702-F12D-4A8F-A538-693B599D7A83}.Debug|Any CPU.ActiveCfg = Debug|Any CPU
		{C4F5E702-F12D-4A8F-A538-693B599D7A83}.Debug|Any CPU.Build.0 = Debug|Any CPU
		{C4F5E702-F12D-4A8F-A538-693B599D7A83}.Release|Any CPU.ActiveCfg = Release|Any CPU
		{C4F5E702-F12D-4A8F-A538-693B599D7A83}.Release|Any CPU.Build.0 = Release|Any CPU
		{6FB15C63-075E-49DC-AFB6-25F461CD5A41}.Debug|Any CPU.ActiveCfg = Debug|Any CPU
		{6FB15C63-075E-49DC-AFB6-25F461CD5A41}.Debug|Any CPU.Build.0 = Debug|Any CPU
		{6FB15C63-075E-49DC-AFB6-25F461CD5A41}.Release|Any CPU.ActiveCfg = Release|Any CPU
		{6FB15C63-075E-49DC-AFB6-25F461CD5A41}.Release|Any CPU.Build.0 = Release|Any CPU
		{E5F5F703-A3C6-4B4E-B234-2A294129B7D4}.Debug|Any CPU.ActiveCfg = Debug|Any CPU
		{E5F5F703-A3C6-4B4E-B234-2A294129B7D4}.Debug|Any CPU.Build.0 = Debug|Any CPU
		{E5F5F703-A3C6-4B4E-B234-2A294129B7D4}.Release|Any CPU.ActiveCfg = Release|Any CPU
		{E5F5F703-A3C6-4B4E-B234-2A294129B7D4}.Release|Any CPU.Build.0 = Release|Any CPU
	EndGlobalSection
	GlobalSection(SolutionProperties) = preSolution
		HideSolutionNode = FALSE
	EndGlobalSection
	GlobalSection(NestedProjects) = preSolution
		{7E633F0E-C360-417A-91AF-ED0A1892740D} = {79459437-CECA-40F9-814E-1CE8481A5042}
		{80EF47F8-2826-483E-B613-36FC62788D52} = {79459437-CECA-40F9-814E-1CE8481A5042}
		{E8080DCE-939B-464C-887B-3A445B204EE3} = {79459437-CECA-40F9-814E-1CE8481A5042}
		{8977861D-DFAA-49BF-9593-84653688D32F} = {79459437-CECA-40F9-814E-1CE8481A5042}
		{1FC22B93-0D8B-4EB5-8C3B-1BF2825796B1} = {74759658-F827-43C5-84C2-A411C52C6D68}
		{220E48DB-30F8-44B7-A10E-B59C386E2B4A} = {74759658-F827-43C5-84C2-A411C52C6D68}
		{E389D4DB-77E5-41E2-B814-9B73753AC36B} = {74759658-F827-43C5-84C2-A411C52C6D68}
		{E8F8BE33-BDD2-432F-980F-DFB59F1AC0C9} = {74759658-F827-43C5-84C2-A411C52C6D68}
		{DCFA6B08-8E51-4872-8394-09254E7AE94E} = {74759658-F827-43C5-84C2-A411C52C6D68}
		{31A10578-6C60-471C-BFE8-544AE9A7C235} = {74759658-F827-43C5-84C2-A411C52C6D68}
		{D6D6DA4D-7761-4A16-BE73-065A95AE1A19} = {74759658-F827-43C5-84C2-A411C52C6D68}
		{A4F94514-43BB-462F-9540-54ECC743B2EF} = {74759658-F827-43C5-84C2-A411C52C6D68}
		{33313D88-E3CA-4810-9912-EDA25112015D} = {74759658-F827-43C5-84C2-A411C52C6D68}
		{D7721E24-0818-4F43-8034-B959CC396C1A} = {74759658-F827-43C5-84C2-A411C52C6D68}
		{95E52692-C337-4225-B024-C0A4FB956601} = {74759658-F827-43C5-84C2-A411C52C6D68}
		{4E3BCC2B-EE8F-452E-BF24-AF9210C7ADCE} = {74759658-F827-43C5-84C2-A411C52C6D68}
		{556114B7-407D-4BF8-9E29-5EC7D4DE2706} = {BC0CD9FC-3086-4E7A-832C-F6A6C569877D}
		{C7289750-58CD-4300-A505-28EA84C5514D} = {BC0CD9FC-3086-4E7A-832C-F6A6C569877D}
		{9EE29C11-6F5C-4897-A77F-11DFBA3DD560} = {BC0CD9FC-3086-4E7A-832C-F6A6C569877D}
		{5062AD7B-88B7-4E6F-A341-D3978F37F018} = {BC0CD9FC-3086-4E7A-832C-F6A6C569877D}
		{C4F5E702-F12D-4A8F-A538-693B599D7A83} = {BC0CD9FC-3086-4E7A-832C-F6A6C569877D}
		{6FB15C63-075E-49DC-AFB6-25F461CD5A41} = {BC0CD9FC-3086-4E7A-832C-F6A6C569877D}
		{E5F5F703-A3C6-4B4E-B234-2A294129B7D4} = {BC0CD9FC-3086-4E7A-832C-F6A6C569877D}
	EndGlobalSection
	GlobalSection(ExtensibilityGlobals) = postSolution
		SolutionGuid = {8A23BE39-6400-45F5-8841-7FBE163D97DA}
	EndGlobalSection
EndGlobal
